
Microsoft Visual Studio Solution File, Format Version 12.00
# Visual Studio Version 17
VisualStudioVersion = 17.14.36414.22 d17.14
MinimumVisualStudioVersion = 10.0.40219.1
Project("{FAE04EC0-301F-11D3-BF4B-00C04F79EFBC}") = "memoryManagement", "memoryManagement.csproj", "{13841D55-B3AA-B63F-A178-25EFF3A82525}"
EndProject
Global
	GlobalSection(SolutionConfigurationPlatforms) = preSolution
		Debug|Any CPU = Debug|Any CPU
		Release|Any CPU = Release|Any CPU
	EndGlobalSection
	GlobalSection(ProjectConfigurationPlatforms) = postSolution
		{13841D55-B3AA-B63F-A178-25EFF3A82525}.Debug|Any CPU.ActiveCfg = Debug|Any CPU
		{13841D55-B3AA-B63F-A178-25EFF3A82525}.Debug|Any CPU.Build.0 = Debug|Any CPU
		{13841D55-B3AA-B63F-A178-25EFF3A82525}.Release|Any CPU.ActiveCfg = Release|Any CPU
		{13841D55-B3AA-B63F-A178-25EFF3A82525}.Release|Any CPU.Build.0 = Release|Any CPU
	EndGlobalSection
	GlobalSection(SolutionProperties) = preSolution
		HideSolutionNode = FALSE
	EndGlobalSection
	GlobalSection(ExtensibilityGlobals) = postSolution
		SolutionGuid = {A0D11B10-9BAD-4010-A30E-9F81FF2298DC}
	EndGlobalSection
EndGlobal
