
Microsoft Visual Studio Solution File, Format Version 12.00
# Visual Studio Version 17
VisualStudioVersion = 17.14.36603.0 d17.14
MinimumVisualStudioVersion = 10.0.40219.1
Project("{FAE04EC0-301F-11D3-BF4B-00C04F79EFBC}") = "generalTest", "generalTest.csproj", "{68A49EC4-DA6E-7B2D-A42E-D00F34E3866F}"
EndProject
Project("{FAE04EC0-301F-11D3-BF4B-00C04F79EFBC}") = "ClassLibrary1", "..\ClassLibrary1\ClassLibrary1.csproj", "{9A1BA9E0-BE76-4D38-9A6E-3C32CC0BE296}"
EndProject
Global
	GlobalSection(SolutionConfigurationPlatforms) = preSolution
		Debug|Any CPU = Debug|Any CPU
		Release|Any CPU = Release|Any CPU
	EndGlobalSection
	GlobalSection(ProjectConfigurationPlatforms) = postSolution
		{68A49EC4-DA6E-7B2D-A42E-D00F34E3866F}.Debug|Any CPU.ActiveCfg = Debug|Any CPU
		{68A49EC4-DA6E-7B2D-A42E-D00F34E3866F}.Debug|Any CPU.Build.0 = Debug|Any CPU
		{68A49EC4-DA6E-7B2D-A42E-D00F34E3866F}.Release|Any CPU.ActiveCfg = Release|Any CPU
		{68A49EC4-DA6E-7B2D-A42E-D00F34E3866F}.Release|Any CPU.Build.0 = Release|Any CPU
		{9A1BA9E0-BE76-4D38-9A6E-3C32CC0BE296}.Debug|Any CPU.ActiveCfg = Debug|Any CPU
		{9A1BA9E0-BE76-4D38-9A6E-3C32CC0BE296}.Debug|Any CPU.Build.0 = Debug|Any CPU
		{9A1BA9E0-BE76-4D38-9A6E-3C32CC0BE296}.Release|Any CPU.ActiveCfg = Release|Any CPU
		{9A1BA9E0-BE76-4D38-9A6E-3C32CC0BE296}.Release|Any CPU.Build.0 = Release|Any CPU
	EndGlobalSection
	GlobalSection(SolutionProperties) = preSolution
		HideSolutionNode = FALSE
	EndGlobalSection
	GlobalSection(ExtensibilityGlobals) = postSolution
		SolutionGuid = {BE43D0DC-6EA0-406B-8E10-A85A9BFC5424}
	EndGlobalSection
EndGlobal
