
Microsoft Visual Studio Solution File, Format Version 12.00
# Visual Studio Version 17
VisualStudioVersion = 17.14.36603.0 d17.14
MinimumVisualStudioVersion = 10.0.40219.1
Project("{FAE04EC0-301F-11D3-BF4B-00C04F79EFBC}") = "PatternTest", "PatternTest.csproj", "{7D3B86AE-7016-4C97-B053-F46FCFCE6B68}"
EndProject
Global
	GlobalSection(SolutionConfigurationPlatforms) = preSolution
		Debug|Any CPU = Debug|Any CPU
		Release|Any CPU = Release|Any CPU
	EndGlobalSection
	GlobalSection(ProjectConfigurationPlatforms) = postSolution
		{7D3B86AE-7016-4C97-B053-F46FCFCE6B68}.Debug|Any CPU.ActiveCfg = Debug|Any CPU
		{7D3B86AE-7016-4C97-B053-F46FCFCE6B68}.Debug|Any CPU.Build.0 = Debug|Any CPU
		{7D3B86AE-7016-4C97-B053-F46FCFCE6B68}.Release|Any CPU.ActiveCfg = Release|Any CPU
		{7D3B86AE-7016-4C97-B053-F46FCFCE6B68}.Release|Any CPU.Build.0 = Release|Any CPU
	EndGlobalSection
	GlobalSection(SolutionProperties) = preSolution
		HideSolutionNode = FALSE
	EndGlobalSection
	GlobalSection(ExtensibilityGlobals) = postSolution
		SolutionGuid = {2490BA8C-1E86-4079-9A58-6975417F95AF}
	EndGlobalSection
EndGlobal
