
Microsoft Visual Studio Solution File, Format Version 12.00
# Visual Studio Version 17
VisualStudioVersion = 17.14.36414.22 d17.14
MinimumVisualStudioVersion = 10.0.40219.1
Project("{FAE04EC0-301F-11D3-BF4B-00C04F79EFBC}") = "nullable", "nullable.csproj", "{2E73CF00-8923-5FCA-1E39-1F5C15B9AD79}"
EndProject
Global
	GlobalSection(SolutionConfigurationPlatforms) = preSolution
		Debug|Any CPU = Debug|Any CPU
		Release|Any CPU = Release|Any CPU
	EndGlobalSection
	GlobalSection(ProjectConfigurationPlatforms) = postSolution
		{2E73CF00-8923-5FCA-1E39-1F5C15B9AD79}.Debug|Any CPU.ActiveCfg = Debug|Any CPU
		{2E73CF00-8923-5FCA-1E39-1F5C15B9AD79}.Debug|Any CPU.Build.0 = Debug|Any CPU
		{2E73CF00-8923-5FCA-1E39-1F5C15B9AD79}.Release|Any CPU.ActiveCfg = Release|Any CPU
		{2E73CF00-8923-5FCA-1E39-1F5C15B9AD79}.Release|Any CPU.Build.0 = Release|Any CPU
	EndGlobalSection
	GlobalSection(SolutionProperties) = preSolution
		HideSolutionNode = FALSE
	EndGlobalSection
	GlobalSection(ExtensibilityGlobals) = postSolution
		SolutionGuid = {C274A875-1B04-4944-AFD0-A5E0E37604A9}
	EndGlobalSection
EndGlobal
