Microsoft Visual Studio Solution File, Format Version 12.00
# Visual Studio Version 17
VisualStudioVersion = 17.5.2.0
MinimumVisualStudioVersion = 10.0.40219.1
Project("{FAE04EC0-301F-11D3-BF4B-00C04F79EFBC}") = "entryPoint", "entryPoint\entryPoint.csproj", "{ED62767C-CD3E-7B23-D253-97508715901C}"
EndProject
Global
	GlobalSection(SolutionConfigurationPlatforms) = preSolution
		Debug|Any CPU = Debug|Any CPU
		Release|Any CPU = Release|Any CPU
	EndGlobalSection
	GlobalSection(ProjectConfigurationPlatforms) = postSolution
		{ED62767C-CD3E-7B23-D253-97508715901C}.Debug|Any CPU.ActiveCfg = Debug|Any CPU
		{ED62767C-CD3E-7B23-D253-97508715901C}.Debug|Any CPU.Build.0 = Debug|Any CPU
		{ED62767C-CD3E-7B23-D253-97508715901C}.Release|Any CPU.ActiveCfg = Release|Any CPU
		{ED62767C-CD3E-7B23-D253-97508715901C}.Release|Any CPU.Build.0 = Release|Any CPU
	EndGlobalSection
	GlobalSection(SolutionProperties) = preSolution
		HideSolutionNode = FALSE
	EndGlobalSection
	GlobalSection(ExtensibilityGlobals) = postSolution
		SolutionGuid = {5E67FAC7-87BE-4612-A544-793336C09521}
	EndGlobalSection
EndGlobal
