
Microsoft Visual Studio Solution File, Format Version 12.00
# Visual Studio Version 17
VisualStudioVersion = 17.14.36414.22 d17.14
MinimumVisualStudioVersion = 10.0.40219.1
Project("{FAE04EC0-301F-11D3-BF4B-00C04F79EFBC}") = "stackalloc", "stackalloc.csproj", "{2E0446F7-2230-723C-17D5-D9719E8FEC99}"
EndProject
Global
	GlobalSection(SolutionConfigurationPlatforms) = preSolution
		Debug|Any CPU = Debug|Any CPU
		Release|Any CPU = Release|Any CPU
	EndGlobalSection
	GlobalSection(ProjectConfigurationPlatforms) = postSolution
		{2E0446F7-2230-723C-17D5-D9719E8FEC99}.Debug|Any CPU.ActiveCfg = Debug|Any CPU
		{2E0446F7-2230-723C-17D5-D9719E8FEC99}.Debug|Any CPU.Build.0 = Debug|Any CPU
		{2E0446F7-2230-723C-17D5-D9719E8FEC99}.Release|Any CPU.ActiveCfg = Release|Any CPU
		{2E0446F7-2230-723C-17D5-D9719E8FEC99}.Release|Any CPU.Build.0 = Release|Any CPU
	EndGlobalSection
	GlobalSection(SolutionProperties) = preSolution
		HideSolutionNode = FALSE
	EndGlobalSection
	GlobalSection(ExtensibilityGlobals) = postSolution
		SolutionGuid = {F345FADE-573B-4A8E-AF18-F6D95A25366E}
	EndGlobalSection
EndGlobal
