
Microsoft Visual Studio Solution File, Format Version 12.00
# Visual Studio Version 17
VisualStudioVersion = 17.14.36414.22 d17.14
MinimumVisualStudioVersion = 10.0.40219.1
Project("{FAE04EC0-301F-11D3-BF4B-00C04F79EFBC}") = "ConsoleApp1", "ConsoleApp1\ConsoleApp1.csproj", "{B5D1CEC8-5714-49FA-9BB7-8CBD5629386B}"
EndProject
Project("{FAE04EC0-301F-11D3-BF4B-00C04F79EFBC}") = "ClassLibrary1", "ClassLibrary1\ClassLibrary1.csproj", "{98E86FEC-10CA-486D-82D5-8811554DF170}"
EndProject
Global
	GlobalSection(SolutionConfigurationPlatforms) = preSolution
		Debug|Any CPU = Debug|Any CPU
		Release|Any CPU = Release|Any CPU
	EndGlobalSection
	GlobalSection(ProjectConfigurationPlatforms) = postSolution
		{B5D1CEC8-5714-49FA-9BB7-8CBD5629386B}.Debug|Any CPU.ActiveCfg = Debug|Any CPU
		{B5D1CEC8-5714-49FA-9BB7-8CBD5629386B}.Debug|Any CPU.Build.0 = Debug|Any CPU
		{B5D1CEC8-5714-49FA-9BB7-8CBD5629386B}.Release|Any CPU.ActiveCfg = Release|Any CPU
		{B5D1CEC8-5714-49FA-9BB7-8CBD5629386B}.Release|Any CPU.Build.0 = Release|Any CPU
		{98E86FEC-10CA-486D-82D5-8811554DF170}.Debug|Any CPU.ActiveCfg = Debug|Any CPU
		{98E86FEC-10CA-486D-82D5-8811554DF170}.Debug|Any CPU.Build.0 = Debug|Any CPU
		{98E86FEC-10CA-486D-82D5-8811554DF170}.Release|Any CPU.ActiveCfg = Release|Any CPU
		{98E86FEC-10CA-486D-82D5-8811554DF170}.Release|Any CPU.Build.0 = Release|Any CPU
	EndGlobalSection
	GlobalSection(SolutionProperties) = preSolution
		HideSolutionNode = FALSE
	EndGlobalSection
	GlobalSection(ExtensibilityGlobals) = postSolution
		SolutionGuid = {3F6B8685-83F8-411C-8853-74B178AC9A20}
	EndGlobalSection
EndGlobal
