
Microsoft Visual Studio Solution File, Format Version 12.00
# Visual Studio Version 17
VisualStudioVersion = 17.14.36414.22 d17.14
MinimumVisualStudioVersion = 10.0.40219.1
Project("{FAE04EC0-301F-11D3-BF4B-00C04F79EFBC}") = "struct", "struct.csproj", "{FCDAEDE4-C217-B751-3448-179473044B87}"
EndProject
Global
	GlobalSection(SolutionConfigurationPlatforms) = preSolution
		Debug|Any CPU = Debug|Any CPU
		Release|Any CPU = Release|Any CPU
	EndGlobalSection
	GlobalSection(ProjectConfigurationPlatforms) = postSolution
		{FCDAEDE4-C217-B751-3448-179473044B87}.Debug|Any CPU.ActiveCfg = Debug|Any CPU
		{FCDAEDE4-C217-B751-3448-179473044B87}.Debug|Any CPU.Build.0 = Debug|Any CPU
		{FCDAEDE4-C217-B751-3448-179473044B87}.Release|Any CPU.ActiveCfg = Release|Any CPU
		{FCDAEDE4-C217-B751-3448-179473044B87}.Release|Any CPU.Build.0 = Release|Any CPU
	EndGlobalSection
	GlobalSection(SolutionProperties) = preSolution
		HideSolutionNode = FALSE
	EndGlobalSection
	GlobalSection(ExtensibilityGlobals) = postSolution
		SolutionGuid = {712C4DD8-1896-4649-AAD1-A64989D6F146}
	EndGlobalSection
EndGlobal
